
Microsoft Visual Studio Solution File, Format Version 12.00
# Visual Studio Version 16
VisualStudioVersion = 16.0.30621.155
MinimumVisualStudioVersion = 10.0.40219.1
Project("{8BC9CEB8-8B4A-11D0-8D11-00A0C91BC942}") = "Tests_IMS_Packets_Core", "Tests_IMS_Packets_Core\Tests_IMS_Packets_Core.vcxproj", "{EBC60DE6-973B-4B8D-865D-ABA1FFB246BA}"
EndProject
Project("{8BC9CEB8-8B4A-11D0-8D11-00A0C91BC942}") = "ConsoleTest_IMS_Packets_Core", "ConsoleTest_IMS_Packets_Core\ConsoleTest_IMS_Packets_Core.vcxproj", "{F0D16147-6553-4F05-A28E-9482A1B16460}"
EndProject
Global
	GlobalSection(SolutionConfigurationPlatforms) = preSolution
		Debug|x64 = Debug|x64
		Debug|x86 = Debug|x86
		Release|x64 = Release|x64
		Release|x86 = Release|x86
	EndGlobalSection
	GlobalSection(ProjectConfigurationPlatforms) = postSolution
		{EBC60DE6-973B-4B8D-865D-ABA1FFB246BA}.Debug|x64.ActiveCfg = Debug|x64
		{EBC60DE6-973B-4B8D-865D-ABA1FFB246BA}.Debug|x64.Build.0 = Debug|x64
		{EBC60DE6-973B-4B8D-865D-ABA1FFB246BA}.Debug|x86.ActiveCfg = Debug|Win32
		{EBC60DE6-973B-4B8D-865D-ABA1FFB246BA}.Debug|x86.Build.0 = Debug|Win32
		{EBC60DE6-973B-4B8D-865D-ABA1FFB246BA}.Release|x64.ActiveCfg = Release|x64
		{EBC60DE6-973B-4B8D-865D-ABA1FFB246BA}.Release|x64.Build.0 = Release|x64
		{EBC60DE6-973B-4B8D-865D-ABA1FFB246BA}.Release|x86.ActiveCfg = Release|Win32
		{EBC60DE6-973B-4B8D-865D-ABA1FFB246BA}.Release|x86.Build.0 = Release|Win32
		{F0D16147-6553-4F05-A28E-9482A1B16460}.Debug|x64.ActiveCfg = Debug|x64
		{F0D16147-6553-4F05-A28E-9482A1B16460}.Debug|x64.Build.0 = Debug|x64
		{F0D16147-6553-4F05-A28E-9482A1B16460}.Debug|x86.ActiveCfg = Debug|Win32
		{F0D16147-6553-4F05-A28E-9482A1B16460}.Debug|x86.Build.0 = Debug|Win32
		{F0D16147-6553-4F05-A28E-9482A1B16460}.Release|x64.ActiveCfg = Release|x64
		{F0D16147-6553-4F05-A28E-9482A1B16460}.Release|x64.Build.0 = Release|x64
		{F0D16147-6553-4F05-A28E-9482A1B16460}.Release|x86.ActiveCfg = Release|Win32
		{F0D16147-6553-4F05-A28E-9482A1B16460}.Release|x86.Build.0 = Release|Win32
	EndGlobalSection
	GlobalSection(SolutionProperties) = preSolution
		HideSolutionNode = FALSE
	EndGlobalSection
	GlobalSection(ExtensibilityGlobals) = postSolution
		SolutionGuid = {7759792F-4D89-4AB3-A13E-1C43B037C230}
	EndGlobalSection
EndGlobal
